{
  "pins" : [
    {
      "identity" : "doc-converter-swift",
      "kind" : "remoteSourceControl",
      "location" : "https://github.com/PsychQuant/doc-converter-swift.git",
      "state" : {
        "revision" : "f25d82dec62e3484720b500aae64290639366ba8",
        "version" : "0.3.0"
      }
    },
    {
      "identity" : "markdown-swift",
      "kind" : "remoteSourceControl",
      "location" : "https://github.com/PsychQuant/markdown-swift.git",
      "state" : {
        "revision" : "1995a4dde95afa95408c6ebb8dab36cc0c2f8c32",
        "version" : "0.1.0"
      }
    },
    {
      "identity" : "marker-swift",
      "kind" : "remoteSourceControl",
      "location" : "https://github.com/PsychQuant/marker-swift.git",
      "state" : {
        "revision" : "9396a51be02b61c242507bc3481049ac73cd6329",
        "version" : "0.1.0"
      }
    },
    {
      "identity" : "ooxml-swift",
      "kind" : "remoteSourceControl",
      "location" : "https://github.com/PsychQuant/ooxml-swift.git",
      "state" : {
        "revision" : "f10e80432c46796062470064c277f971539f175d",
        "version" : "0.5.3"
      }
    },
    {
      "identity" : "swift-argument-parser",
      "kind" : "remoteSourceControl",
      "location" : "https://github.com/apple/swift-argument-parser",
      "state" : {
        "revision" : "c5d11a805e765f52ba34ec7284bd4fcd6ba68615",
        "version" : "1.7.0"
      }
    },
    {
      "identity" : "word-to-md-swift",
      "kind" : "remoteSourceControl",
      "location" : "https://github.com/PsychQuant/word-to-md-swift.git",
      "state" : {
        "revision" : "4826e8540368194237c07a3ffc891f1e872362d2",
        "version" : "0.3.1"
      }
    },
    {
      "identity" : "zipfoundation",
      "kind" : "remoteSourceControl",
      "location" : "https://github.com/weichsel/ZIPFoundation.git",
      "state" : {
        "revision" : "22787ffb59de99e5dc1fbfe80b19c97a904ad48d",
        "version" : "0.9.20"
      }
    }
  ],
  "version" : 2
}
